
Microsoft Visual Studio Solution File, Format Version 12.00
# Visual Studio Version 17
VisualStudioVersion = 17.1.32210.238
MinimumVisualStudioVersion = 10.0.40219.1
Project("{2150E333-8FDC-42A3-9474-1A3956D46DE8}") = "Common", "Common", "{35CA5660-5F17-4891-BC99-FDA1E5326B0E}"
EndProject
Project("{2150E333-8FDC-42A3-9474-1A3956D46DE8}") = "WebApp", "WebApp", "{F099759E-AE4F-4206-A90F-C8FF66D13194}"
EndProject
Project("{2150E333-8FDC-42A3-9474-1A3956D46DE8}") = "Constants", "Constants", "{A9DE5C33-3EC3-47B6-BA9C-A21370E65DED}"
EndProject
Project("{2150E333-8FDC-42A3-9474-1A3956D46DE8}") = "Enums", "Enums", "{BC06B3ED-F530-4E01-92F1-335C27555B33}"
EndProject
Project("{2150E333-8FDC-42A3-9474-1A3956D46DE8}") = "Libraries", "Libraries", "{693D8FC3-514A-4C5D-8816-F59FF23FABA3}"
EndProject
Project("{2150E333-8FDC-42A3-9474-1A3956D46DE8}") = "Models", "Models", "{1FEAF3E7-BF52-4EC0-A7F0-3D6A50425F42}"
EndProject
Project("{2150E333-8FDC-42A3-9474-1A3956D46DE8}") = "1_WebAPI", "1_WebAPI", "{B8215B15-885E-4A82-9A43-8E0C567D5CD9}"
EndProject
Project("{2150E333-8FDC-42A3-9474-1A3956D46DE8}") = "2_Services", "2_Services", "{DE6D21DE-9059-4BD5-8F12-FD2139D8BACA}"
EndProject
Project("{2150E333-8FDC-42A3-9474-1A3956D46DE8}") = "3_BusinessLogic", "3_BusinessLogic", "{000C066A-C632-442D-B0DB-00D6CABBE389}"
EndProject
Project("{2150E333-8FDC-42A3-9474-1A3956D46DE8}") = "4_DataAccess", "4_DataAccess", "{3EFCB552-4ACB-4330-A2AA-C1EC8863B3EB}"
EndProject
Project("{FAE04EC0-301F-11D3-BF4B-00C04F79EFBC}") = "WebCar.Common.Enums", "WebCar.Common.Enums\WebCar.Common.Enums.csproj", "{4E88274F-4AC0-4307-9C0D-04AB2F5D0397}"
EndProject
Project("{FAE04EC0-301F-11D3-BF4B-00C04F79EFBC}") = "WebCar.Common.Models", "WebCar.Common.Models\WebCar.Common.Models.csproj", "{6D9EA65D-1C77-4B3C-81DE-F69911B71847}"
EndProject
Project("{FAE04EC0-301F-11D3-BF4B-00C04F79EFBC}") = "WebCar.WebApp.1_WebAPI", "WebCar.WebApp.1_WebAPI\WebCar.WebApp.1_WebAPI.csproj", "{5B9DA329-E061-4192-B660-AAB32E5EBBD1}"
EndProject
Project("{FAE04EC0-301F-11D3-BF4B-00C04F79EFBC}") = "WebCar.WebApp.2_Services", "WebCar.WebApp.2_Services\WebCar.WebApp.2_Services.csproj", "{0E76E5CC-4AA7-4789-BE35-A3E92E84DF9B}"
EndProject
Project("{FAE04EC0-301F-11D3-BF4B-00C04F79EFBC}") = "WebCar.WebApp.3_BusinessLogic", "WebCar.WebApp.3_BusinessLogic\WebCar.WebApp.3_BusinessLogic.csproj", "{7CA328C6-C287-4BE8-A70B-99519434881C}"
EndProject
Project("{FAE04EC0-301F-11D3-BF4B-00C04F79EFBC}") = "WebCar.WebApp.4_DataAcess", "WebCar.WebApp.4_DataAcess\WebCar.WebApp.4_DataAcess.csproj", "{30781459-636E-4317-98B4-122A128FCC83}"
EndProject
Global
	GlobalSection(SolutionConfigurationPlatforms) = preSolution
		Debug|Any CPU = Debug|Any CPU
		Release|Any CPU = Release|Any CPU
	EndGlobalSection
	GlobalSection(ProjectConfigurationPlatforms) = postSolution
		{4E88274F-4AC0-4307-9C0D-04AB2F5D0397}.Debug|Any CPU.ActiveCfg = Debug|Any CPU
		{4E88274F-4AC0-4307-9C0D-04AB2F5D0397}.Debug|Any CPU.Build.0 = Debug|Any CPU
		{4E88274F-4AC0-4307-9C0D-04AB2F5D0397}.Release|Any CPU.ActiveCfg = Release|Any CPU
		{4E88274F-4AC0-4307-9C0D-04AB2F5D0397}.Release|Any CPU.Build.0 = Release|Any CPU
		{6D9EA65D-1C77-4B3C-81DE-F69911B71847}.Debug|Any CPU.ActiveCfg = Debug|Any CPU
		{6D9EA65D-1C77-4B3C-81DE-F69911B71847}.Debug|Any CPU.Build.0 = Debug|Any CPU
		{6D9EA65D-1C77-4B3C-81DE-F69911B71847}.Release|Any CPU.ActiveCfg = Release|Any CPU
		{6D9EA65D-1C77-4B3C-81DE-F69911B71847}.Release|Any CPU.Build.0 = Release|Any CPU
		{5B9DA329-E061-4192-B660-AAB32E5EBBD1}.Debug|Any CPU.ActiveCfg = Debug|Any CPU
		{5B9DA329-E061-4192-B660-AAB32E5EBBD1}.Debug|Any CPU.Build.0 = Debug|Any CPU
		{5B9DA329-E061-4192-B660-AAB32E5EBBD1}.Release|Any CPU.ActiveCfg = Release|Any CPU
		{5B9DA329-E061-4192-B660-AAB32E5EBBD1}.Release|Any CPU.Build.0 = Release|Any CPU
		{0E76E5CC-4AA7-4789-BE35-A3E92E84DF9B}.Debug|Any CPU.ActiveCfg = Debug|Any CPU
		{0E76E5CC-4AA7-4789-BE35-A3E92E84DF9B}.Debug|Any CPU.Build.0 = Debug|Any CPU
		{0E76E5CC-4AA7-4789-BE35-A3E92E84DF9B}.Release|Any CPU.ActiveCfg = Release|Any CPU
		{0E76E5CC-4AA7-4789-BE35-A3E92E84DF9B}.Release|Any CPU.Build.0 = Release|Any CPU
		{7CA328C6-C287-4BE8-A70B-99519434881C}.Debug|Any CPU.ActiveCfg = Debug|Any CPU
		{7CA328C6-C287-4BE8-A70B-99519434881C}.Debug|Any CPU.Build.0 = Debug|Any CPU
		{7CA328C6-C287-4BE8-A70B-99519434881C}.Release|Any CPU.ActiveCfg = Release|Any CPU
		{7CA328C6-C287-4BE8-A70B-99519434881C}.Release|Any CPU.Build.0 = Release|Any CPU
		{30781459-636E-4317-98B4-122A128FCC83}.Debug|Any CPU.ActiveCfg = Debug|Any CPU
		{30781459-636E-4317-98B4-122A128FCC83}.Debug|Any CPU.Build.0 = Debug|Any CPU
		{30781459-636E-4317-98B4-122A128FCC83}.Release|Any CPU.ActiveCfg = Release|Any CPU
		{30781459-636E-4317-98B4-122A128FCC83}.Release|Any CPU.Build.0 = Release|Any CPU
	EndGlobalSection
	GlobalSection(SolutionProperties) = preSolution
		HideSolutionNode = FALSE
	EndGlobalSection
	GlobalSection(NestedProjects) = preSolution
		{A9DE5C33-3EC3-47B6-BA9C-A21370E65DED} = {35CA5660-5F17-4891-BC99-FDA1E5326B0E}
		{BC06B3ED-F530-4E01-92F1-335C27555B33} = {35CA5660-5F17-4891-BC99-FDA1E5326B0E}
		{693D8FC3-514A-4C5D-8816-F59FF23FABA3} = {35CA5660-5F17-4891-BC99-FDA1E5326B0E}
		{1FEAF3E7-BF52-4EC0-A7F0-3D6A50425F42} = {35CA5660-5F17-4891-BC99-FDA1E5326B0E}
		{B8215B15-885E-4A82-9A43-8E0C567D5CD9} = {F099759E-AE4F-4206-A90F-C8FF66D13194}
		{DE6D21DE-9059-4BD5-8F12-FD2139D8BACA} = {F099759E-AE4F-4206-A90F-C8FF66D13194}
		{000C066A-C632-442D-B0DB-00D6CABBE389} = {F099759E-AE4F-4206-A90F-C8FF66D13194}
		{3EFCB552-4ACB-4330-A2AA-C1EC8863B3EB} = {F099759E-AE4F-4206-A90F-C8FF66D13194}
		{4E88274F-4AC0-4307-9C0D-04AB2F5D0397} = {BC06B3ED-F530-4E01-92F1-335C27555B33}
		{6D9EA65D-1C77-4B3C-81DE-F69911B71847} = {1FEAF3E7-BF52-4EC0-A7F0-3D6A50425F42}
		{5B9DA329-E061-4192-B660-AAB32E5EBBD1} = {B8215B15-885E-4A82-9A43-8E0C567D5CD9}
		{0E76E5CC-4AA7-4789-BE35-A3E92E84DF9B} = {DE6D21DE-9059-4BD5-8F12-FD2139D8BACA}
		{7CA328C6-C287-4BE8-A70B-99519434881C} = {000C066A-C632-442D-B0DB-00D6CABBE389}
		{30781459-636E-4317-98B4-122A128FCC83} = {3EFCB552-4ACB-4330-A2AA-C1EC8863B3EB}
	EndGlobalSection
	GlobalSection(ExtensibilityGlobals) = postSolution
		SolutionGuid = {CF84D9A5-CFA1-4B15-86A2-F4658FCA5F92}
	EndGlobalSection
EndGlobal
